
Microsoft Visual Studio Solution File, Format Version 12.00
# Visual Studio Version 16
VisualStudioVersion = 16.0.33130.400
MinimumVisualStudioVersion = 10.0.40219.1
Project("{2150E333-8FDC-42A3-9474-1A3956D46DE8}") = "Game", "Game", "{2F076DDC-0D2D-4F3E-A2DF-61DDF8EC5F68}"
EndProject
Project("{9A19103F-16F7-4668-BE54-9A1E7A4F7556}") = "Tetris", "Tetris\Tetris.csproj", "{A4832DBE-F1D9-43FF-8E4B-1A076F54B569}"
EndProject
Project("{2150E333-8FDC-42A3-9474-1A3956D46DE8}") = "BackJoon", "BackJoon", "{DE27054F-101A-4721-B444-20A90D0737E3}"
EndProject
Project("{9A19103F-16F7-4668-BE54-9A1E7A4F7556}") = "BackJoon", "BackJoon\BackJoon.csproj", "{7C03C7E8-B358-44DB-A069-B776B7C1E0C9}"
EndProject
Project("{9A19103F-16F7-4668-BE54-9A1E7A4F7556}") = "99Dan", "99Dan\99Dan.csproj", "{9A899B73-1666-432D-B43C-C346682705CB}"
EndProject
Project("{9A19103F-16F7-4668-BE54-9A1E7A4F7556}") = "Tic_Tac_Toe", "Tic_Tac_Toe\Tic_Tac_Toe.csproj", "{3369090D-0191-4AB2-9C25-5240768640B5}"
EndProject
Project("{9A19103F-16F7-4668-BE54-9A1E7A4F7556}") = "Tic_Tac_Toe_Ver2", "Tic_Tac_Toe_Ver2\Tic_Tac_Toe_Ver2.csproj", "{496CB784-0111-40DB-BBD3-4D08D1CB0371}"
EndProject
Project("{9A19103F-16F7-4668-BE54-9A1E7A4F7556}") = "SnakeGame", "SnakeGame\SnakeGame.csproj", "{3F6BAC05-A965-4ABB-86B7-67597BEC1090}"
EndProject
Project("{2150E333-8FDC-42A3-9474-1A3956D46DE8}") = "Study", "Study", "{5221849E-D8CC-4786-B289-1E11C2B95350}"
EndProject
Project("{9A19103F-16F7-4668-BE54-9A1E7A4F7556}") = "Study_Practice", "Study_Practice\Study_Practice.csproj", "{42389267-8B7B-40F1-B771-D2E70219A9F1}"
EndProject
Project("{9A19103F-16F7-4668-BE54-9A1E7A4F7556}") = "StackGame", "StackGame\StackGame.csproj", "{50579C42-63E7-49FE-8938-18460B0E3775}"
EndProject
Project("{FAE04EC0-301F-11D3-BF4B-00C04F79EFBC}") = "Console_Tetris", "Console_Tetris\Console_Tetris.csproj", "{7627099D-9ABD-4C90-9BB7-18E1AC5655FD}"
EndProject
Global
	GlobalSection(SolutionConfigurationPlatforms) = preSolution
		Debug|Any CPU = Debug|Any CPU
		Release|Any CPU = Release|Any CPU
	EndGlobalSection
	GlobalSection(ProjectConfigurationPlatforms) = postSolution
		{A4832DBE-F1D9-43FF-8E4B-1A076F54B569}.Debug|Any CPU.ActiveCfg = Debug|Any CPU
		{A4832DBE-F1D9-43FF-8E4B-1A076F54B569}.Debug|Any CPU.Build.0 = Debug|Any CPU
		{A4832DBE-F1D9-43FF-8E4B-1A076F54B569}.Release|Any CPU.ActiveCfg = Release|Any CPU
		{A4832DBE-F1D9-43FF-8E4B-1A076F54B569}.Release|Any CPU.Build.0 = Release|Any CPU
		{7C03C7E8-B358-44DB-A069-B776B7C1E0C9}.Debug|Any CPU.ActiveCfg = Debug|Any CPU
		{7C03C7E8-B358-44DB-A069-B776B7C1E0C9}.Debug|Any CPU.Build.0 = Debug|Any CPU
		{7C03C7E8-B358-44DB-A069-B776B7C1E0C9}.Release|Any CPU.ActiveCfg = Release|Any CPU
		{7C03C7E8-B358-44DB-A069-B776B7C1E0C9}.Release|Any CPU.Build.0 = Release|Any CPU
		{9A899B73-1666-432D-B43C-C346682705CB}.Debug|Any CPU.ActiveCfg = Debug|Any CPU
		{9A899B73-1666-432D-B43C-C346682705CB}.Debug|Any CPU.Build.0 = Debug|Any CPU
		{9A899B73-1666-432D-B43C-C346682705CB}.Release|Any CPU.ActiveCfg = Release|Any CPU
		{9A899B73-1666-432D-B43C-C346682705CB}.Release|Any CPU.Build.0 = Release|Any CPU
		{3369090D-0191-4AB2-9C25-5240768640B5}.Debug|Any CPU.ActiveCfg = Debug|Any CPU
		{3369090D-0191-4AB2-9C25-5240768640B5}.Debug|Any CPU.Build.0 = Debug|Any CPU
		{3369090D-0191-4AB2-9C25-5240768640B5}.Release|Any CPU.ActiveCfg = Release|Any CPU
		{3369090D-0191-4AB2-9C25-5240768640B5}.Release|Any CPU.Build.0 = Release|Any CPU
		{496CB784-0111-40DB-BBD3-4D08D1CB0371}.Debug|Any CPU.ActiveCfg = Debug|Any CPU
		{496CB784-0111-40DB-BBD3-4D08D1CB0371}.Debug|Any CPU.Build.0 = Debug|Any CPU
		{496CB784-0111-40DB-BBD3-4D08D1CB0371}.Release|Any CPU.ActiveCfg = Release|Any CPU
		{496CB784-0111-40DB-BBD3-4D08D1CB0371}.Release|Any CPU.Build.0 = Release|Any CPU
		{3F6BAC05-A965-4ABB-86B7-67597BEC1090}.Debug|Any CPU.ActiveCfg = Debug|Any CPU
		{3F6BAC05-A965-4ABB-86B7-67597BEC1090}.Debug|Any CPU.Build.0 = Debug|Any CPU
		{3F6BAC05-A965-4ABB-86B7-67597BEC1090}.Release|Any CPU.ActiveCfg = Release|Any CPU
		{3F6BAC05-A965-4ABB-86B7-67597BEC1090}.Release|Any CPU.Build.0 = Release|Any CPU
		{42389267-8B7B-40F1-B771-D2E70219A9F1}.Debug|Any CPU.ActiveCfg = Debug|Any CPU
		{42389267-8B7B-40F1-B771-D2E70219A9F1}.Debug|Any CPU.Build.0 = Debug|Any CPU
		{42389267-8B7B-40F1-B771-D2E70219A9F1}.Release|Any CPU.ActiveCfg = Release|Any CPU
		{42389267-8B7B-40F1-B771-D2E70219A9F1}.Release|Any CPU.Build.0 = Release|Any CPU
		{50579C42-63E7-49FE-8938-18460B0E3775}.Debug|Any CPU.ActiveCfg = Debug|Any CPU
		{50579C42-63E7-49FE-8938-18460B0E3775}.Debug|Any CPU.Build.0 = Debug|Any CPU
		{50579C42-63E7-49FE-8938-18460B0E3775}.Release|Any CPU.ActiveCfg = Release|Any CPU
		{50579C42-63E7-49FE-8938-18460B0E3775}.Release|Any CPU.Build.0 = Release|Any CPU
		{7627099D-9ABD-4C90-9BB7-18E1AC5655FD}.Debug|Any CPU.ActiveCfg = Debug|Any CPU
		{7627099D-9ABD-4C90-9BB7-18E1AC5655FD}.Debug|Any CPU.Build.0 = Debug|Any CPU
		{7627099D-9ABD-4C90-9BB7-18E1AC5655FD}.Release|Any CPU.ActiveCfg = Release|Any CPU
		{7627099D-9ABD-4C90-9BB7-18E1AC5655FD}.Release|Any CPU.Build.0 = Release|Any CPU
	EndGlobalSection
	GlobalSection(SolutionProperties) = preSolution
		HideSolutionNode = FALSE
	EndGlobalSection
	GlobalSection(NestedProjects) = preSolution
		{A4832DBE-F1D9-43FF-8E4B-1A076F54B569} = {2F076DDC-0D2D-4F3E-A2DF-61DDF8EC5F68}
		{7C03C7E8-B358-44DB-A069-B776B7C1E0C9} = {DE27054F-101A-4721-B444-20A90D0737E3}
		{9A899B73-1666-432D-B43C-C346682705CB} = {2F076DDC-0D2D-4F3E-A2DF-61DDF8EC5F68}
		{3369090D-0191-4AB2-9C25-5240768640B5} = {2F076DDC-0D2D-4F3E-A2DF-61DDF8EC5F68}
		{496CB784-0111-40DB-BBD3-4D08D1CB0371} = {2F076DDC-0D2D-4F3E-A2DF-61DDF8EC5F68}
		{3F6BAC05-A965-4ABB-86B7-67597BEC1090} = {2F076DDC-0D2D-4F3E-A2DF-61DDF8EC5F68}
		{42389267-8B7B-40F1-B771-D2E70219A9F1} = {5221849E-D8CC-4786-B289-1E11C2B95350}
		{50579C42-63E7-49FE-8938-18460B0E3775} = {2F076DDC-0D2D-4F3E-A2DF-61DDF8EC5F68}
		{7627099D-9ABD-4C90-9BB7-18E1AC5655FD} = {2F076DDC-0D2D-4F3E-A2DF-61DDF8EC5F68}
	EndGlobalSection
	GlobalSection(ExtensibilityGlobals) = postSolution
		SolutionGuid = {0483292F-C316-460D-B0DD-DBE12B62F032}
	EndGlobalSection
EndGlobal
